
Microsoft Visual Studio Solution File, Format Version 12.00
# Visual Studio Version 17
VisualStudioVersion = 17.3.32825.248
MinimumVisualStudioVersion = 10.0.40219.1
Project("{FAE04EC0-301F-11D3-BF4B-00C04F79EFBC}") = "BDLUCY-CodeFirst-Crud", "BDLUCY-CodeFirst-Crud\BDLUCY-CodeFirst-Crud.csproj", "{204C1DD8-000E-43AD-B50E-06078BCB277E}"
EndProject
Global
	GlobalSection(SolutionConfigurationPlatforms) = preSolution
		Debug|Any CPU = Debug|Any CPU
		Release|Any CPU = Release|Any CPU
	EndGlobalSection
	GlobalSection(ProjectConfigurationPlatforms) = postSolution
		{204C1DD8-000E-43AD-B50E-06078BCB277E}.Debug|Any CPU.ActiveCfg = Debug|Any CPU
		{204C1DD8-000E-43AD-B50E-06078BCB277E}.Debug|Any CPU.Build.0 = Debug|Any CPU
		{204C1DD8-000E-43AD-B50E-06078BCB277E}.Release|Any CPU.ActiveCfg = Release|Any CPU
		{204C1DD8-000E-43AD-B50E-06078BCB277E}.Release|Any CPU.Build.0 = Release|Any CPU
	EndGlobalSection
	GlobalSection(SolutionProperties) = preSolution
		HideSolutionNode = FALSE
	EndGlobalSection
	GlobalSection(ExtensibilityGlobals) = postSolution
		SolutionGuid = {69B7F50B-1558-49FF-9CDB-0CE106A3BF2D}
	EndGlobalSection
EndGlobal
